// !$*UTF8*$!
{
	archiveVersion = 1;
	classes = {
	};
	objectVersion = 46;
	objects = {

/* Begin PBXBuildFile section */
		B65EB08D17BB678100D682EE /* UIKit.framework in Frameworks */ = {isa = PBXBuildFile; fileRef = B65EB08C17BB678100D682EE /* UIKit.framework */; };
		B65EB08F17BB678100D682EE /* Foundation.framework in Frameworks */ = {isa = PBXBuildFile; fileRef = B65EB08E17BB678100D682EE /* Foundation.framework */; };
		B65EB09117BB678100D682EE /* CoreGraphics.framework in Frameworks */ = {isa = PBXBuildFile; fileRef = B65EB09017BB678100D682EE /* CoreGraphics.framework */; };
		B65EB09717BB678100D682EE /* InfoPlist.strings in Resources */ = {isa = PBXBuildFile; fileRef = B65EB09517BB678100D682EE /* InfoPlist.strings */; };
		B65EB09917BB678100D682EE /* main.m in Sources */ = {isa = PBXBuildFile; fileRef = B65EB09817BB678100D682EE /* main.m */; };
		B65EB09D17BB678100D682EE /* AppDelegate.m in Sources */ = {isa = PBXBuildFile; fileRef = B65EB09C17BB678100D682EE /* AppDelegate.m */; };
		B65EB09F17BB678100D682EE /* Default.png in Resources */ = {isa = PBXBuildFile; fileRef = B65EB09E17BB678100D682EE /* Default.png */; };
		B65EB0A117BB678100D682EE /* Default@2x.png in Resources */ = {isa = PBXBuildFile; fileRef = B65EB0A017BB678100D682EE /* Default@2x.png */; };
		B65EB0A317BB678100D682EE /* Default-568h@2x.png in Resources */ = {isa = PBXBuildFile; fileRef = B65EB0A217BB678100D682EE /* Default-568h@2x.png */; };
/* End PBXBuildFile section */

/* Begin PBXFileReference section */
		B65EB08917BB678100D682EE /* TestWzp.app */ = {isa = PBXFileReference; explicitFileType = wrapper.application; includeInIndex = 0; path = TestWzp.app; sourceTree = BUILT_PRODUCTS_DIR; };
		B65EB08C17BB678100D682EE /* UIKit.framework */ = {isa = PBXFileReference; lastKnownFileType = wrapper.framework; name = UIKit.framework; path = System/Library/Frameworks/UIKit.framework; sourceTree = SDKROOT; };
		B65EB08E17BB678100D682EE /* Foundation.framework */ = {isa = PBXFileReference; lastKnownFileType = wrapper.framework; name = Foundation.framework; path = System/Library/Frameworks/Foundation.framework; sourceTree = SDKROOT; };
		B65EB09017BB678100D682EE /* CoreGraphics.framework */ = {isa = PBXFileReference; lastKnownFileType = wrapper.framework; name = CoreGraphics.framework; path = System/Library/Frameworks/CoreGraphics.framework; sourceTree = SDKROOT; };
		B65EB09417BB678100D682EE /* TestWzp-Info.plist */ = {isa = PBXFileReference; lastKnownFileType = text.plist.xml; path = "TestWzp-Info.plist"; sourceTree = "<group>"; };
		B65EB09617BB678100D682EE /* en */ = {isa = PBXFileReference; lastKnownFileType = text.plist.strings; name = en; path = en.lproj/InfoPlist.strings; sourceTree = "<group>"; };
		B65EB09817BB678100D682EE /* main.m */ = {isa = PBXFileReference; lastKnownFileType = sourcecode.c.objc; path = main.m; sourceTree = "<group>"; };
		B65EB09A17BB678100D682EE /* TestWzp-Prefix.pch */ = {isa = PBXFileReference; lastKnownFileType = sourcecode.c.h; path = "TestWzp-Prefix.pch"; sourceTree = "<group>"; };
		B65EB09B17BB678100D682EE /* AppDelegate.h */ = {isa = PBXFileReference; lastKnownFileType = sourcecode.c.h; path = AppDelegate.h; sourceTree = "<group>"; };
		B65EB09C17BB678100D682EE /* AppDelegate.m */ = {isa = PBXFileReference; lastKnownFileType = sourcecode.c.objc; path = AppDelegate.m; sourceTree = "<group>"; };
		B65EB09E17BB678100D682EE /* Default.png */ = {isa = PBXFileReference; lastKnownFileType = image.png; path = Default.png; sourceTree = "<group>"; };
		B65EB0A017BB678100D682EE /* Default@2x.png */ = {isa = PBXFileReference; lastKnownFileType = image.png; path = "Default@2x.png"; sourceTree = "<group>"; };
		B65EB0A217BB678100D682EE /* Default-568h@2x.png */ = {isa = PBXFileReference; lastKnownFileType = image.png; path = "Default-568h@2x.png"; sourceTree = "<group>"; };
/* End PBXFileReference section */

/* Begin PBXFrameworksBuildPhase section */
		B65EB08617BB678100D682EE /* Frameworks */ = {
			isa = PBXFrameworksBuildPhase;
			buildActionMask = 2147483647;
			files = (
				B65EB08D17BB678100D682EE /* UIKit.framework in Frameworks */,
				B65EB08F17BB678100D682EE /* Foundation.framework in Frameworks */,
				B65EB09117BB678100D682EE /* CoreGraphics.framework in Frameworks */,
			);
			runOnlyForDeploymentPostprocessing = 0;
		};
/* End PBXFrameworksBuildPhase section */

/* Begin PBXGroup section */
		B65EB08017BB678100D682EE = {
			isa = PBXGroup;
			children = (
				B65EB09217BB678100D682EE /* TestWzp */,
				B65EB08B17BB678100D682EE /* Frameworks */,
				B65EB08A17BB678100D682EE /* Products */,
			);
			sourceTree = "<group>";
		};
		B65EB08A17BB678100D682EE /* Products */ = {
			isa = PBXGroup;
			children = (
				B65EB08917BB678100D682EE /* TestWzp.app */,
			);
			name = Products;
			sourceTree = "<group>";
		};
		B65EB08B17BB678100D682EE /* Frameworks */ = {
			isa = PBXGroup;
			children = (
				B65EB08C17BB678100D682EE /* UIKit.framework */,
				B65EB08E17BB678100D682EE /* Foundation.framework */,
				B65EB09017BB678100D682EE /* CoreGraphics.framework */,
			);
			name = Frameworks;
			sourceTree = "<group>";
		};
		B65EB09217BB678100D682EE /* TestWzp */ = {
			isa = PBXGroup;
			children = (
				B65EB09B17BB678100D682EE /* AppDelegate.h */,
				B65EB09C17BB678100D682EE /* AppDelegate.m */,
				B65EB09317BB678100D682EE /* Supporting Files */,
			);
			path = TestWzp;
			sourceTree = "<group>";
		};
		B65EB09317BB678100D682EE /* Supporting Files */ = {
			isa = PBXGroup;
			children = (
				B65EB09417BB678100D682EE /* TestWzp-Info.plist */,
				B65EB09517BB678100D682EE /* InfoPlist.strings */,
				B65EB09817BB678100D682EE /* main.m */,
				B65EB09A17BB678100D682EE /* TestWzp-Prefix.pch */,
				B65EB09E17BB678100D682EE /* Default.png */,
				B65EB0A017BB678100D682EE /* Default@2x.png */,
				B65EB0A217BB678100D682EE /* Default-568h@2x.png */,
			);
			name = "Supporting Files";
			sourceTree = "<group>";
		};
/* End PBXGroup section */

/* Begin PBXNativeTarget section */
		B65EB08817BB678100D682EE /* TestWzp */ = {
			isa = PBXNativeTarget;
			buildConfigurationList = B65EB0A617BB678100D682EE /* Build configuration list for PBXNativeTarget "TestWzp" */;
			buildPhases = (
				B65EB08517BB678100D682EE /* Sources */,
				B65EB08617BB678100D682EE /* Frameworks */,
				B65EB08717BB678100D682EE /* Resources */,
			);
			buildRules = (
			);
			dependencies = (
			);
			name = TestWzp;
			productName = TestWzp;
			productReference = B65EB08917BB678100D682EE /* TestWzp.app */;
			productType = "com.apple.product-type.application";
		};
/* End PBXNativeTarget section */

/* Begin PBXProject section */
		B65EB08117BB678100D682EE /* Project object */ = {
			isa = PBXProject;
			attributes = {
				LastUpgradeCheck = 0460;
				ORGANIZATIONNAME = TestWzp;
			};
			buildConfigurationList = B65EB08417BB678100D682EE /* Build configuration list for PBXProject "TestWzp" */;
			compatibilityVersion = "Xcode 3.2";
			developmentRegion = English;
			hasScannedForEncodings = 0;
			knownRegions = (
				en,
			);
			mainGroup = B65EB08017BB678100D682EE;
			productRefGroup = B65EB08A17BB678100D682EE /* Products */;
			projectDirPath = "";
			projectRoot = "";
			targets = (
				B65EB08817BB678100D682EE /* TestWzp */,
			);
		};
/* End PBXProject section */

/* Begin PBXResourcesBuildPhase section */
		B65EB08717BB678100D682EE /* Resources */ = {
			isa = PBXResourcesBuildPhase;
			buildActionMask = 2147483647;
			files = (
				B65EB09717BB678100D682EE /* InfoPlist.strings in Resources */,
				B65EB09F17BB678100D682EE /* Default.png in Resources */,
				B65EB0A117BB678100D682EE /* Default@2x.png in Resources */,
				B65EB0A317BB678100D682EE /* Default-568h@2x.png in Resources */,
			);
			runOnlyForDeploymentPostprocessing = 0;
		};
/* End PBXResourcesBuildPhase section */

/* Begin PBXSourcesBuildPhase section */
		B65EB08517BB678100D682EE /* Sources */ = {
			isa = PBXSourcesBuildPhase;
			buildActionMask = 2147483647;
			files = (
				B65EB09917BB678100D682EE /* main.m in Sources */,
				B65EB09D17BB678100D682EE /* AppDelegate.m in Sources */,
			);
			runOnlyForDeploymentPostprocessing = 0;
		};
/* End PBXSourcesBuildPhase section */

/* Begin PBXVariantGroup section */
		B65EB09517BB678100D682EE /* InfoPlist.strings */ = {
			isa = PBXVariantGroup;
			children = (
				B65EB09617BB678100D682EE /* en */,
			);
			name = InfoPlist.strings;
			sourceTree = "<group>";
		};
/* End PBXVariantGroup section */

/* Begin XCBuildConfiguration section */
		B65EB0A417BB678100D682EE /* Debug */ = {
			isa = XCBuildConfiguration;
			buildSettings = {
				ALWAYS_SEARCH_USER_PATHS = NO;
				CLANG_CXX_LANGUAGE_STANDARD = "gnu++0x";
				CLANG_CXX_LIBRARY = "libc++";
				CLANG_WARN_CONSTANT_CONVERSION = YES;
				CLANG_WARN_EMPTY_BODY = YES;
				CLANG_WARN_ENUM_CONVERSION = YES;
				CLANG_WARN_INT_CONVERSION = YES;
				CLANG_WARN__DUPLICATE_METHOD_MATCH = YES;
				"CODE_SIGN_IDENTITY[sdk=iphoneos*]" = "iPhone Developer";
				COPY_PHASE_STRIP = NO;
				GCC_C_LANGUAGE_STANDARD = gnu99;
				GCC_DYNAMIC_NO_PIC = NO;
				GCC_OPTIMIZATION_LEVEL = 0;
				GCC_PREPROCESSOR_DEFINITIONS = (
					"DEBUG=1",
					"$(inherited)",
				);
				GCC_SYMBOLS_PRIVATE_EXTERN = NO;
				GCC_WARN_ABOUT_RETURN_TYPE = YES;
				GCC_WARN_UNINITIALIZED_AUTOS = YES;
				GCC_WARN_UNUSED_VARIABLE = YES;
				IPHONEOS_DEPLOYMENT_TARGET = 6.1;
				ONLY_ACTIVE_ARCH = YES;
				SDKROOT = iphoneos;
			};
			name = Debug;
		};
		B65EB0A517BB678100D682EE /* Release */ = {
			isa = XCBuildConfiguration;
			buildSettings = {
				ALWAYS_SEARCH_USER_PATHS = NO;
				CLANG_CXX_LANGUAGE_STANDARD = "gnu++0x";
				CLANG_CXX_LIBRARY = "libc++";
				CLANG_WARN_CONSTANT_CONVERSION = YES;
				CLANG_WARN_EMPTY_BODY = YES;
				CLANG_WARN_ENUM_CONVERSION = YES;
				CLANG_WARN_INT_CONVERSION = YES;
				CLANG_WARN__DUPLICATE_METHOD_MATCH = YES;
				"CODE_SIGN_IDENTITY[sdk=iphoneos*]" = "iPhone Developer";
				COPY_PHASE_STRIP = YES;
				GCC_C_LANGUAGE_STANDARD = gnu99;
				GCC_WARN_ABOUT_RETURN_TYPE = YES;
				GCC_WARN_UNINITIALIZED_AUTOS = YES;
				GCC_WARN_UNUSED_VARIABLE = YES;
				IPHONEOS_DEPLOYMENT_TARGET = 6.1;
				OTHER_CFLAGS = "-DNS_BLOCK_ASSERTIONS=1";
				SDKROOT = iphoneos;
				VALIDATE_PRODUCT = YES;
			};
			name = Release;
		};
		B65EB0A717BB678100D682EE /* Debug */ = {
			isa = XCBuildConfiguration;
			buildSettings = {
				GCC_PRECOMPILE_PREFIX_HEADER = YES;
				GCC_PREFIX_HEADER = "TestWzp/TestWzp-Prefix.pch";
				INFOPLIST_FILE = "TestWzp/TestWzp-Info.plist";
				PRODUCT_NAME = "$(TARGET_NAME)";
				WRAPPER_EXTENSION = app;
			};
			name = Debug;
		};
		B65EB0A817BB678100D682EE /* Release */ = {
			isa = XCBuildConfiguration;
			buildSettings = {
				GCC_PRECOMPILE_PREFIX_HEADER = YES;
				GCC_PREFIX_HEADER = "TestWzp/TestWzp-Prefix.pch";
				INFOPLIST_FILE = "TestWzp/TestWzp-Info.plist";
				PRODUCT_NAME = "$(TARGET_NAME)";
				WRAPPER_EXTENSION = app;
			};
			name = Release;
		};
/* End XCBuildConfiguration section */

/* Begin XCConfigurationList section */
		B65EB08417BB678100D682EE /* Build configuration list for PBXProject "TestWzp" */ = {
			isa = XCConfigurationList;
			buildConfigurations = (
				B65EB0A417BB678100D682EE /* Debug */,
				B65EB0A517BB678100D682EE /* Release */,
			);
			defaultConfigurationIsVisible = 0;
			defaultConfigurationName = Release;
		};
		B65EB0A617BB678100D682EE /* Build configuration list for PBXNativeTarget "TestWzp" */ = {
			isa = XCConfigurationList;
			buildConfigurations = (
				B65EB0A717BB678100D682EE /* Debug */,
				B65EB0A817BB678100D682EE /* Release */,
			);
			defaultConfigurationIsVisible = 0;
		};
/* End XCConfigurationList section */
	};
	rootObject = B65EB08117BB678100D682EE /* Project object */;
}
